
Microsoft Visual Studio Solution File, Format Version 12.00
# Visual Studio Version 17
VisualStudioVersion = 17.10.35013.160
MinimumVisualStudioVersion = 10.0.40219.1
Project("{FAE04EC0-301F-11D3-BF4B-00C04F79EFBC}") = "DemoShopApiProject", "DemoShopApiProject\DemoShopApiProject.csproj", "{94C74A97-C229-4AEA-B75B-16A67DB8EA76}"
EndProject
Global
	GlobalSection(SolutionConfigurationPlatforms) = preSolution
		Debug|Any CPU = Debug|Any CPU
		Release|Any CPU = Release|Any CPU
	EndGlobalSection
	GlobalSection(ProjectConfigurationPlatforms) = postSolution
		{94C74A97-C229-4AEA-B75B-16A67DB8EA76}.Debug|Any CPU.ActiveCfg = Debug|Any CPU
		{94C74A97-C229-4AEA-B75B-16A67DB8EA76}.Debug|Any CPU.Build.0 = Debug|Any CPU
		{94C74A97-C229-4AEA-B75B-16A67DB8EA76}.Release|Any CPU.ActiveCfg = Release|Any CPU
		{94C74A97-C229-4AEA-B75B-16A67DB8EA76}.Release|Any CPU.Build.0 = Release|Any CPU
	EndGlobalSection
	GlobalSection(SolutionProperties) = preSolution
		HideSolutionNode = FALSE
	EndGlobalSection
	GlobalSection(ExtensibilityGlobals) = postSolution
		SolutionGuid = {F38F8703-7011-4BB8-ADD8-EB4A97366B8A}
	EndGlobalSection
EndGlobal
